
Microsoft Visual Studio Solution File, Format Version 12.00
# Visual Studio Version 16
VisualStudioVersion = 16.0.31829.152
MinimumVisualStudioVersion = 10.0.40219.1
Project("{FAE04EC0-301F-11D3-BF4B-00C04F79EFBC}") = "Assignment_2", "Assignment_2.csproj", "{6E6F8EBB-DEA8-492E-87EB-9D2BF1E19735}"
EndProject
Project("{FAE04EC0-301F-11D3-BF4B-00C04F79EFBC}") = "WebApplication1", "..\WebApplication1\WebApplication1.csproj", "{93570932-4422-4D72-A542-4A39F5AC624A}"
EndProject
Global
	GlobalSection(SolutionConfigurationPlatforms) = preSolution
		Debug|Any CPU = Debug|Any CPU
		Release|Any CPU = Release|Any CPU
	EndGlobalSection
	GlobalSection(ProjectConfigurationPlatforms) = postSolution
		{6E6F8EBB-DEA8-492E-87EB-9D2BF1E19735}.Debug|Any CPU.ActiveCfg = Debug|Any CPU
		{6E6F8EBB-DEA8-492E-87EB-9D2BF1E19735}.Debug|Any CPU.Build.0 = Debug|Any CPU
		{6E6F8EBB-DEA8-492E-87EB-9D2BF1E19735}.Release|Any CPU.ActiveCfg = Release|Any CPU
		{6E6F8EBB-DEA8-492E-87EB-9D2BF1E19735}.Release|Any CPU.Build.0 = Release|Any CPU
		{93570932-4422-4D72-A542-4A39F5AC624A}.Debug|Any CPU.ActiveCfg = Debug|Any CPU
		{93570932-4422-4D72-A542-4A39F5AC624A}.Debug|Any CPU.Build.0 = Debug|Any CPU
		{93570932-4422-4D72-A542-4A39F5AC624A}.Release|Any CPU.ActiveCfg = Release|Any CPU
		{93570932-4422-4D72-A542-4A39F5AC624A}.Release|Any CPU.Build.0 = Release|Any CPU
	EndGlobalSection
	GlobalSection(SolutionProperties) = preSolution
		HideSolutionNode = FALSE
	EndGlobalSection
	GlobalSection(ExtensibilityGlobals) = postSolution
		SolutionGuid = {AE625303-9200-45D0-B04C-B6A0B93C6EB0}
	EndGlobalSection
EndGlobal
